// !$*UTF8*$!
{
	archiveVersion = 1;
	classes = {
	};
	objectVersion = 56;
	objects = {

/* Begin PBXBuildFile section */
		C928085F2A9346E200B92836 /* CrewDataService.swift in Sources */ = {isa = PBXBuildFile; fileRef = C928085E2A9346E200B92836 /* CrewDataService.swift */; };
		C99950392A9250AC000D8EFA /* SpaceXCrewApp.swift in Sources */ = {isa = PBXBuildFile; fileRef = C99950382A9250AC000D8EFA /* SpaceXCrewApp.swift */; };
		C999503D2A9250AE000D8EFA /* Assets.xcassets in Resources */ = {isa = PBXBuildFile; fileRef = C999503C2A9250AE000D8EFA /* Assets.xcassets */; };
		C99950402A9250AE000D8EFA /* Preview Assets.xcassets in Resources */ = {isa = PBXBuildFile; fileRef = C999503F2A9250AE000D8EFA /* Preview Assets.xcassets */; };
		C999504A2A9250AE000D8EFA /* SpaceXCrewTests.swift in Sources */ = {isa = PBXBuildFile; fileRef = C99950492A9250AE000D8EFA /* SpaceXCrewTests.swift */; };
		C99950542A9250AF000D8EFA /* SpaceXCrewUITests.swift in Sources */ = {isa = PBXBuildFile; fileRef = C99950532A9250AF000D8EFA /* SpaceXCrewUITests.swift */; };
		C99950562A9250AF000D8EFA /* SpaceXCrewUITestsLaunchTests.swift in Sources */ = {isa = PBXBuildFile; fileRef = C99950552A9250AF000D8EFA /* SpaceXCrewUITestsLaunchTests.swift */; };
		C99950682A9251B0000D8EFA /* CrewList.swift in Sources */ = {isa = PBXBuildFile; fileRef = C99950672A9251B0000D8EFA /* CrewList.swift */; };
		C999506C2A9251D9000D8EFA /* CrewMember.swift in Sources */ = {isa = PBXBuildFile; fileRef = C99950692A9251D9000D8EFA /* CrewMember.swift */; };
		C999506D2A9251D9000D8EFA /* Launch.swift in Sources */ = {isa = PBXBuildFile; fileRef = C999506A2A9251D9000D8EFA /* Launch.swift */; };
		C999506E2A9251D9000D8EFA /* Rocket.swift in Sources */ = {isa = PBXBuildFile; fileRef = C999506B2A9251D9000D8EFA /* Rocket.swift */; };
		C99950722A925207000D8EFA /* CrewViewModel.swift in Sources */ = {isa = PBXBuildFile; fileRef = C99950712A925207000D8EFA /* CrewViewModel.swift */; };
		C99950772A92524D000D8EFA /* MockDataService.swift in Sources */ = {isa = PBXBuildFile; fileRef = C99950732A92524C000D8EFA /* MockDataService.swift */; };
		C99950782A92524D000D8EFA /* NetworkManager.swift in Sources */ = {isa = PBXBuildFile; fileRef = C99950742A92524C000D8EFA /* NetworkManager.swift */; };
		C99950792A92524D000D8EFA /* CoreDataManager.swift in Sources */ = {isa = PBXBuildFile; fileRef = C99950752A92524C000D8EFA /* CoreDataManager.swift */; };
		C999507A2A92524D000D8EFA /* LaunchesDataService.swift in Sources */ = {isa = PBXBuildFile; fileRef = C99950762A92524C000D8EFA /* LaunchesDataService.swift */; };
		C999507D2A925313000D8EFA /* SpaceX_Launches.xcdatamodeld in Sources */ = {isa = PBXBuildFile; fileRef = C999507B2A925312000D8EFA /* SpaceX_Launches.xcdatamodeld */; };
		C9CD09D62A94A78B00EF20D9 /* ImageDataService.swift in Sources */ = {isa = PBXBuildFile; fileRef = C9CD09D52A94A78B00EF20D9 /* ImageDataService.swift */; };
		C9CD09D82A94A83700EF20D9 /* LocalFileManager.swift in Sources */ = {isa = PBXBuildFile; fileRef = C9CD09D72A94A83700EF20D9 /* LocalFileManager.swift */; };
		C9CD09DA2A94AE6000EF20D9 /* CrewDetailsViewModel.swift in Sources */ = {isa = PBXBuildFile; fileRef = C9CD09D92A94AE6000EF20D9 /* CrewDetailsViewModel.swift */; };
		C9CD09DC2A94AEC000EF20D9 /* ImageViewModel.swift in Sources */ = {isa = PBXBuildFile; fileRef = C9CD09DB2A94AEC000EF20D9 /* ImageViewModel.swift */; };
		C9CD09DE2A94AEF000EF20D9 /* CrewDetails.swift in Sources */ = {isa = PBXBuildFile; fileRef = C9CD09DD2A94AEF000EF20D9 /* CrewDetails.swift */; };
		C9CD09E02A94B3F400EF20D9 /* SpinnerWhileLoadingView.swift in Sources */ = {isa = PBXBuildFile; fileRef = C9CD09DF2A94B3F400EF20D9 /* SpinnerWhileLoadingView.swift */; };
		C9CD09E22A94E6D100EF20D9 /* ImageView.swift in Sources */ = {isa = PBXBuildFile; fileRef = C9CD09E12A94E6D100EF20D9 /* ImageView.swift */; };
		C9CD09E42A94FF3800EF20D9 /* String+Additions.swift in Sources */ = {isa = PBXBuildFile; fileRef = C9CD09E32A94FF3800EF20D9 /* String+Additions.swift */; };
/* End PBXBuildFile section */

/* Begin PBXContainerItemProxy section */
		C99950462A9250AE000D8EFA /* PBXContainerItemProxy */ = {
			isa = PBXContainerItemProxy;
			containerPortal = C999502D2A9250AC000D8EFA /* Project object */;
			proxyType = 1;
			remoteGlobalIDString = C99950342A9250AC000D8EFA;
			remoteInfo = SpaceXCrew;
		};
		C99950502A9250AF000D8EFA /* PBXContainerItemProxy */ = {
			isa = PBXContainerItemProxy;
			containerPortal = C999502D2A9250AC000D8EFA /* Project object */;
			proxyType = 1;
			remoteGlobalIDString = C99950342A9250AC000D8EFA;
			remoteInfo = SpaceXCrew;
		};
/* End PBXContainerItemProxy section */

/* Begin PBXFileReference section */
		C928085E2A9346E200B92836 /* CrewDataService.swift */ = {isa = PBXFileReference; lastKnownFileType = sourcecode.swift; path = CrewDataService.swift; sourceTree = "<group>"; };
		C99950352A9250AC000D8EFA /* SpaceXCrew.app */ = {isa = PBXFileReference; explicitFileType = wrapper.application; includeInIndex = 0; path = SpaceXCrew.app; sourceTree = BUILT_PRODUCTS_DIR; };
		C99950382A9250AC000D8EFA /* SpaceXCrewApp.swift */ = {isa = PBXFileReference; lastKnownFileType = sourcecode.swift; path = SpaceXCrewApp.swift; sourceTree = "<group>"; };
		C999503C2A9250AE000D8EFA /* Assets.xcassets */ = {isa = PBXFileReference; lastKnownFileType = folder.assetcatalog; path = Assets.xcassets; sourceTree = "<group>"; };
		C999503F2A9250AE000D8EFA /* Preview Assets.xcassets */ = {isa = PBXFileReference; lastKnownFileType = folder.assetcatalog; path = "Preview Assets.xcassets"; sourceTree = "<group>"; };
		C99950452A9250AE000D8EFA /* SpaceXCrewTests.xctest */ = {isa = PBXFileReference; explicitFileType = wrapper.cfbundle; includeInIndex = 0; path = SpaceXCrewTests.xctest; sourceTree = BUILT_PRODUCTS_DIR; };
		C99950492A9250AE000D8EFA /* SpaceXCrewTests.swift */ = {isa = PBXFileReference; lastKnownFileType = sourcecode.swift; path = SpaceXCrewTests.swift; sourceTree = "<group>"; };
		C999504F2A9250AF000D8EFA /* SpaceXCrewUITests.xctest */ = {isa = PBXFileReference; explicitFileType = wrapper.cfbundle; includeInIndex = 0; path = SpaceXCrewUITests.xctest; sourceTree = BUILT_PRODUCTS_DIR; };
		C99950532A9250AF000D8EFA /* SpaceXCrewUITests.swift */ = {isa = PBXFileReference; lastKnownFileType = sourcecode.swift; path = SpaceXCrewUITests.swift; sourceTree = "<group>"; };
		C99950552A9250AF000D8EFA /* SpaceXCrewUITestsLaunchTests.swift */ = {isa = PBXFileReference; lastKnownFileType = sourcecode.swift; path = SpaceXCrewUITestsLaunchTests.swift; sourceTree = "<group>"; };
		C99950672A9251B0000D8EFA /* CrewList.swift */ = {isa = PBXFileReference; lastKnownFileType = sourcecode.swift; path = CrewList.swift; sourceTree = "<group>"; };
		C99950692A9251D9000D8EFA /* CrewMember.swift */ = {isa = PBXFileReference; fileEncoding = 4; lastKnownFileType = sourcecode.swift; path = CrewMember.swift; sourceTree = "<group>"; };
		C999506A2A9251D9000D8EFA /* Launch.swift */ = {isa = PBXFileReference; fileEncoding = 4; lastKnownFileType = sourcecode.swift; path = Launch.swift; sourceTree = "<group>"; };
		C999506B2A9251D9000D8EFA /* Rocket.swift */ = {isa = PBXFileReference; fileEncoding = 4; lastKnownFileType = sourcecode.swift; path = Rocket.swift; sourceTree = "<group>"; };
		C99950712A925207000D8EFA /* CrewViewModel.swift */ = {isa = PBXFileReference; lastKnownFileType = sourcecode.swift; path = CrewViewModel.swift; sourceTree = "<group>"; };
		C99950732A92524C000D8EFA /* MockDataService.swift */ = {isa = PBXFileReference; fileEncoding = 4; lastKnownFileType = sourcecode.swift; path = MockDataService.swift; sourceTree = "<group>"; };
		C99950742A92524C000D8EFA /* NetworkManager.swift */ = {isa = PBXFileReference; fileEncoding = 4; lastKnownFileType = sourcecode.swift; path = NetworkManager.swift; sourceTree = "<group>"; };
		C99950752A92524C000D8EFA /* CoreDataManager.swift */ = {isa = PBXFileReference; fileEncoding = 4; lastKnownFileType = sourcecode.swift; path = CoreDataManager.swift; sourceTree = "<group>"; };
		C99950762A92524C000D8EFA /* LaunchesDataService.swift */ = {isa = PBXFileReference; fileEncoding = 4; lastKnownFileType = sourcecode.swift; path = LaunchesDataService.swift; sourceTree = "<group>"; };
		C999507C2A925312000D8EFA /* SpaceX_Launches.xcdatamodel */ = {isa = PBXFileReference; lastKnownFileType = wrapper.xcdatamodel; path = SpaceX_Launches.xcdatamodel; sourceTree = "<group>"; };
		C9CD09D52A94A78B00EF20D9 /* ImageDataService.swift */ = {isa = PBXFileReference; lastKnownFileType = sourcecode.swift; path = ImageDataService.swift; sourceTree = "<group>"; };
		C9CD09D72A94A83700EF20D9 /* LocalFileManager.swift */ = {isa = PBXFileReference; lastKnownFileType = sourcecode.swift; path = LocalFileManager.swift; sourceTree = "<group>"; };
		C9CD09D92A94AE6000EF20D9 /* CrewDetailsViewModel.swift */ = {isa = PBXFileReference; lastKnownFileType = sourcecode.swift; path = CrewDetailsViewModel.swift; sourceTree = "<group>"; };
		C9CD09DB2A94AEC000EF20D9 /* ImageViewModel.swift */ = {isa = PBXFileReference; lastKnownFileType = sourcecode.swift; path = ImageViewModel.swift; sourceTree = "<group>"; };
		C9CD09DD2A94AEF000EF20D9 /* CrewDetails.swift */ = {isa = PBXFileReference; lastKnownFileType = sourcecode.swift; path = CrewDetails.swift; sourceTree = "<group>"; };
		C9CD09DF2A94B3F400EF20D9 /* SpinnerWhileLoadingView.swift */ = {isa = PBXFileReference; fileEncoding = 4; lastKnownFileType = sourcecode.swift; path = SpinnerWhileLoadingView.swift; sourceTree = "<group>"; };
		C9CD09E12A94E6D100EF20D9 /* ImageView.swift */ = {isa = PBXFileReference; lastKnownFileType = sourcecode.swift; path = ImageView.swift; sourceTree = "<group>"; };
		C9CD09E32A94FF3800EF20D9 /* String+Additions.swift */ = {isa = PBXFileReference; lastKnownFileType = sourcecode.swift; path = "String+Additions.swift"; sourceTree = "<group>"; };
/* End PBXFileReference section */

/* Begin PBXFrameworksBuildPhase section */
		C99950322A9250AC000D8EFA /* Frameworks */ = {
			isa = PBXFrameworksBuildPhase;
			buildActionMask = 2147483647;
			files = (
			);
			runOnlyForDeploymentPostprocessing = 0;
		};
		C99950422A9250AE000D8EFA /* Frameworks */ = {
			isa = PBXFrameworksBuildPhase;
			buildActionMask = 2147483647;
			files = (
			);
			runOnlyForDeploymentPostprocessing = 0;
		};
		C999504C2A9250AF000D8EFA /* Frameworks */ = {
			isa = PBXFrameworksBuildPhase;
			buildActionMask = 2147483647;
			files = (
			);
			runOnlyForDeploymentPostprocessing = 0;
		};
/* End PBXFrameworksBuildPhase section */

/* Begin PBXGroup section */
		C999502C2A9250AC000D8EFA = {
			isa = PBXGroup;
			children = (
				C99950372A9250AC000D8EFA /* SpaceXCrew */,
				C99950482A9250AE000D8EFA /* SpaceXCrewTests */,
				C99950522A9250AF000D8EFA /* SpaceXCrewUITests */,
				C99950362A9250AC000D8EFA /* Products */,
			);
			sourceTree = "<group>";
		};
		C99950362A9250AC000D8EFA /* Products */ = {
			isa = PBXGroup;
			children = (
				C99950352A9250AC000D8EFA /* SpaceXCrew.app */,
				C99950452A9250AE000D8EFA /* SpaceXCrewTests.xctest */,
				C999504F2A9250AF000D8EFA /* SpaceXCrewUITests.xctest */,
			);
			name = Products;
			sourceTree = "<group>";
		};
		C99950372A9250AC000D8EFA /* SpaceXCrew */ = {
			isa = PBXGroup;
			children = (
				C99950382A9250AC000D8EFA /* SpaceXCrewApp.swift */,
				C99950632A92512B000D8EFA /* Views */,
				C99950642A92513A000D8EFA /* ViewModels */,
				C99950622A925110000D8EFA /* Models */,
				C99950652A925146000D8EFA /* Managers */,
				C99950662A92514E000D8EFA /* Extensions */,
				C999503C2A9250AE000D8EFA /* Assets.xcassets */,
				C999503E2A9250AE000D8EFA /* Preview Content */,
			);
			path = SpaceXCrew;
			sourceTree = "<group>";
		};
		C999503E2A9250AE000D8EFA /* Preview Content */ = {
			isa = PBXGroup;
			children = (
				C999503F2A9250AE000D8EFA /* Preview Assets.xcassets */,
			);
			path = "Preview Content";
			sourceTree = "<group>";
		};
		C99950482A9250AE000D8EFA /* SpaceXCrewTests */ = {
			isa = PBXGroup;
			children = (
				C99950492A9250AE000D8EFA /* SpaceXCrewTests.swift */,
			);
			path = SpaceXCrewTests;
			sourceTree = "<group>";
		};
		C99950522A9250AF000D8EFA /* SpaceXCrewUITests */ = {
			isa = PBXGroup;
			children = (
				C99950532A9250AF000D8EFA /* SpaceXCrewUITests.swift */,
				C99950552A9250AF000D8EFA /* SpaceXCrewUITestsLaunchTests.swift */,
			);
			path = SpaceXCrewUITests;
			sourceTree = "<group>";
		};
		C99950622A925110000D8EFA /* Models */ = {
			isa = PBXGroup;
			children = (
				C99950692A9251D9000D8EFA /* CrewMember.swift */,
				C999506A2A9251D9000D8EFA /* Launch.swift */,
				C999506B2A9251D9000D8EFA /* Rocket.swift */,
				C999507B2A925312000D8EFA /* SpaceX_Launches.xcdatamodeld */,
			);
			path = Models;
			sourceTree = "<group>";
		};
		C99950632A92512B000D8EFA /* Views */ = {
			isa = PBXGroup;
			children = (
				C99950672A9251B0000D8EFA /* CrewList.swift */,
				C9CD09DD2A94AEF000EF20D9 /* CrewDetails.swift */,
				C9CD09DF2A94B3F400EF20D9 /* SpinnerWhileLoadingView.swift */,
				C9CD09E12A94E6D100EF20D9 /* ImageView.swift */,
			);
			path = Views;
			sourceTree = "<group>";
		};
		C99950642A92513A000D8EFA /* ViewModels */ = {
			isa = PBXGroup;
			children = (
				C99950712A925207000D8EFA /* CrewViewModel.swift */,
				C9CD09D92A94AE6000EF20D9 /* CrewDetailsViewModel.swift */,
				C9CD09DB2A94AEC000EF20D9 /* ImageViewModel.swift */,
			);
			path = ViewModels;
			sourceTree = "<group>";
		};
		C99950652A925146000D8EFA /* Managers */ = {
			isa = PBXGroup;
			children = (
				C99950752A92524C000D8EFA /* CoreDataManager.swift */,
				C99950742A92524C000D8EFA /* NetworkManager.swift */,
				C9CD09D72A94A83700EF20D9 /* LocalFileManager.swift */,
				C928085E2A9346E200B92836 /* CrewDataService.swift */,
				C99950762A92524C000D8EFA /* LaunchesDataService.swift */,
				C99950732A92524C000D8EFA /* MockDataService.swift */,
				C9CD09D52A94A78B00EF20D9 /* ImageDataService.swift */,
			);
			path = Managers;
			sourceTree = "<group>";
		};
		C99950662A92514E000D8EFA /* Extensions */ = {
			isa = PBXGroup;
			children = (
				C9CD09E32A94FF3800EF20D9 /* String+Additions.swift */,
			);
			path = Extensions;
			sourceTree = "<group>";
		};
/* End PBXGroup section */

/* Begin PBXNativeTarget section */
		C99950342A9250AC000D8EFA /* SpaceXCrew */ = {
			isa = PBXNativeTarget;
			buildConfigurationList = C99950592A9250AF000D8EFA /* Build configuration list for PBXNativeTarget "SpaceXCrew" */;
			buildPhases = (
				C99950312A9250AC000D8EFA /* Sources */,
				C99950322A9250AC000D8EFA /* Frameworks */,
				C99950332A9250AC000D8EFA /* Resources */,
			);
			buildRules = (
			);
			dependencies = (
			);
			name = SpaceXCrew;
			productName = SpaceXCrew;
			productReference = C99950352A9250AC000D8EFA /* SpaceXCrew.app */;
			productType = "com.apple.product-type.application";
		};
		C99950442A9250AE000D8EFA /* SpaceXCrewTests */ = {
			isa = PBXNativeTarget;
			buildConfigurationList = C999505C2A9250AF000D8EFA /* Build configuration list for PBXNativeTarget "SpaceXCrewTests" */;
			buildPhases = (
				C99950412A9250AE000D8EFA /* Sources */,
				C99950422A9250AE000D8EFA /* Frameworks */,
				C99950432A9250AE000D8EFA /* Resources */,
			);
			buildRules = (
			);
			dependencies = (
				C99950472A9250AE000D8EFA /* PBXTargetDependency */,
			);
			name = SpaceXCrewTests;
			productName = SpaceXCrewTests;
			productReference = C99950452A9250AE000D8EFA /* SpaceXCrewTests.xctest */;
			productType = "com.apple.product-type.bundle.unit-test";
		};
		C999504E2A9250AF000D8EFA /* SpaceXCrewUITests */ = {
			isa = PBXNativeTarget;
			buildConfigurationList = C999505F2A9250AF000D8EFA /* Build configuration list for PBXNativeTarget "SpaceXCrewUITests" */;
			buildPhases = (
				C999504B2A9250AF000D8EFA /* Sources */,
				C999504C2A9250AF000D8EFA /* Frameworks */,
				C999504D2A9250AF000D8EFA /* Resources */,
			);
			buildRules = (
			);
			dependencies = (
				C99950512A9250AF000D8EFA /* PBXTargetDependency */,
			);
			name = SpaceXCrewUITests;
			productName = SpaceXCrewUITests;
			productReference = C999504F2A9250AF000D8EFA /* SpaceXCrewUITests.xctest */;
			productType = "com.apple.product-type.bundle.ui-testing";
		};
/* End PBXNativeTarget section */

/* Begin PBXProject section */
		C999502D2A9250AC000D8EFA /* Project object */ = {
			isa = PBXProject;
			attributes = {
				BuildIndependentTargetsInParallel = 1;
				LastSwiftUpdateCheck = 1420;
				LastUpgradeCheck = 1420;
				TargetAttributes = {
					C99950342A9250AC000D8EFA = {
						CreatedOnToolsVersion = 14.2;
					};
					C99950442A9250AE000D8EFA = {
						CreatedOnToolsVersion = 14.2;
						TestTargetID = C99950342A9250AC000D8EFA;
					};
					C999504E2A9250AF000D8EFA = {
						CreatedOnToolsVersion = 14.2;
						TestTargetID = C99950342A9250AC000D8EFA;
					};
				};
			};
			buildConfigurationList = C99950302A9250AC000D8EFA /* Build configuration list for PBXProject "SpaceXCrew" */;
			compatibilityVersion = "Xcode 14.0";
			developmentRegion = en;
			hasScannedForEncodings = 0;
			knownRegions = (
				en,
				Base,
			);
			mainGroup = C999502C2A9250AC000D8EFA;
			productRefGroup = C99950362A9250AC000D8EFA /* Products */;
			projectDirPath = "";
			projectRoot = "";
			targets = (
				C99950342A9250AC000D8EFA /* SpaceXCrew */,
				C99950442A9250AE000D8EFA /* SpaceXCrewTests */,
				C999504E2A9250AF000D8EFA /* SpaceXCrewUITests */,
			);
		};
/* End PBXProject section */

/* Begin PBXResourcesBuildPhase section */
		C99950332A9250AC000D8EFA /* Resources */ = {
			isa = PBXResourcesBuildPhase;
			buildActionMask = 2147483647;
			files = (
				C99950402A9250AE000D8EFA /* Preview Assets.xcassets in Resources */,
				C999503D2A9250AE000D8EFA /* Assets.xcassets in Resources */,
			);
			runOnlyForDeploymentPostprocessing = 0;
		};
		C99950432A9250AE000D8EFA /* Resources */ = {
			isa = PBXResourcesBuildPhase;
			buildActionMask = 2147483647;
			files = (
			);
			runOnlyForDeploymentPostprocessing = 0;
		};
		C999504D2A9250AF000D8EFA /* Resources */ = {
			isa = PBXResourcesBuildPhase;
			buildActionMask = 2147483647;
			files = (
			);
			runOnlyForDeploymentPostprocessing = 0;
		};
/* End PBXResourcesBuildPhase section */

/* Begin PBXSourcesBuildPhase section */
		C99950312A9250AC000D8EFA /* Sources */ = {
			isa = PBXSourcesBuildPhase;
			buildActionMask = 2147483647;
			files = (
				C9CD09D62A94A78B00EF20D9 /* ImageDataService.swift in Sources */,
				C9CD09E22A94E6D100EF20D9 /* ImageView.swift in Sources */,
				C9CD09E02A94B3F400EF20D9 /* SpinnerWhileLoadingView.swift in Sources */,
				C99950682A9251B0000D8EFA /* CrewList.swift in Sources */,
				C999506C2A9251D9000D8EFA /* CrewMember.swift in Sources */,
				C999506D2A9251D9000D8EFA /* Launch.swift in Sources */,
				C9CD09E42A94FF3800EF20D9 /* String+Additions.swift in Sources */,
				C999506E2A9251D9000D8EFA /* Rocket.swift in Sources */,
				C928085F2A9346E200B92836 /* CrewDataService.swift in Sources */,
				C999507A2A92524D000D8EFA /* LaunchesDataService.swift in Sources */,
				C99950782A92524D000D8EFA /* NetworkManager.swift in Sources */,
				C99950392A9250AC000D8EFA /* SpaceXCrewApp.swift in Sources */,
				C99950792A92524D000D8EFA /* CoreDataManager.swift in Sources */,
				C9CD09DA2A94AE6000EF20D9 /* CrewDetailsViewModel.swift in Sources */,
				C99950772A92524D000D8EFA /* MockDataService.swift in Sources */,
				C999507D2A925313000D8EFA /* SpaceX_Launches.xcdatamodeld in Sources */,
				C9CD09DE2A94AEF000EF20D9 /* CrewDetails.swift in Sources */,
				C99950722A925207000D8EFA /* CrewViewModel.swift in Sources */,
				C9CD09DC2A94AEC000EF20D9 /* ImageViewModel.swift in Sources */,
				C9CD09D82A94A83700EF20D9 /* LocalFileManager.swift in Sources */,
			);
			runOnlyForDeploymentPostprocessing = 0;
		};
		C99950412A9250AE000D8EFA /* Sources */ = {
			isa = PBXSourcesBuildPhase;
			buildActionMask = 2147483647;
			files = (
				C999504A2A9250AE000D8EFA /* SpaceXCrewTests.swift in Sources */,
			);
			runOnlyForDeploymentPostprocessing = 0;
		};
		C999504B2A9250AF000D8EFA /* Sources */ = {
			isa = PBXSourcesBuildPhase;
			buildActionMask = 2147483647;
			files = (
				C99950542A9250AF000D8EFA /* SpaceXCrewUITests.swift in Sources */,
				C99950562A9250AF000D8EFA /* SpaceXCrewUITestsLaunchTests.swift in Sources */,
			);
			runOnlyForDeploymentPostprocessing = 0;
		};
/* End PBXSourcesBuildPhase section */

/* Begin PBXTargetDependency section */
		C99950472A9250AE000D8EFA /* PBXTargetDependency */ = {
			isa = PBXTargetDependency;
			target = C99950342A9250AC000D8EFA /* SpaceXCrew */;
			targetProxy = C99950462A9250AE000D8EFA /* PBXContainerItemProxy */;
		};
		C99950512A9250AF000D8EFA /* PBXTargetDependency */ = {
			isa = PBXTargetDependency;
			target = C99950342A9250AC000D8EFA /* SpaceXCrew */;
			targetProxy = C99950502A9250AF000D8EFA /* PBXContainerItemProxy */;
		};
/* End PBXTargetDependency section */

/* Begin XCBuildConfiguration section */
		C99950572A9250AF000D8EFA /* Debug */ = {
			isa = XCBuildConfiguration;
			buildSettings = {
				ALWAYS_SEARCH_USER_PATHS = NO;
				CLANG_ANALYZER_NONNULL = YES;
				CLANG_ANALYZER_NUMBER_OBJECT_CONVERSION = YES_AGGRESSIVE;
				CLANG_CXX_LANGUAGE_STANDARD = "gnu++20";
				CLANG_ENABLE_MODULES = YES;
				CLANG_ENABLE_OBJC_ARC = YES;
				CLANG_ENABLE_OBJC_WEAK = YES;
				CLANG_WARN_BLOCK_CAPTURE_AUTORELEASING = YES;
				CLANG_WARN_BOOL_CONVERSION = YES;
				CLANG_WARN_COMMA = YES;
				CLANG_WARN_CONSTANT_CONVERSION = YES;
				CLANG_WARN_DEPRECATED_OBJC_IMPLEMENTATIONS = YES;
				CLANG_WARN_DIRECT_OBJC_ISA_USAGE = YES_ERROR;
				CLANG_WARN_DOCUMENTATION_COMMENTS = YES;
				CLANG_WARN_EMPTY_BODY = YES;
				CLANG_WARN_ENUM_CONVERSION = YES;
				CLANG_WARN_INFINITE_RECURSION = YES;
				CLANG_WARN_INT_CONVERSION = YES;
				CLANG_WARN_NON_LITERAL_NULL_CONVERSION = YES;
				CLANG_WARN_OBJC_IMPLICIT_RETAIN_SELF = YES;
				CLANG_WARN_OBJC_LITERAL_CONVERSION = YES;
				CLANG_WARN_OBJC_ROOT_CLASS = YES_ERROR;
				CLANG_WARN_QUOTED_INCLUDE_IN_FRAMEWORK_HEADER = YES;
				CLANG_WARN_RANGE_LOOP_ANALYSIS = YES;
				CLANG_WARN_STRICT_PROTOTYPES = YES;
				CLANG_WARN_SUSPICIOUS_MOVE = YES;
				CLANG_WARN_UNGUARDED_AVAILABILITY = YES_AGGRESSIVE;
				CLANG_WARN_UNREACHABLE_CODE = YES;
				CLANG_WARN__DUPLICATE_METHOD_MATCH = YES;
				COPY_PHASE_STRIP = NO;
				DEBUG_INFORMATION_FORMAT = dwarf;
				ENABLE_STRICT_OBJC_MSGSEND = YES;
				ENABLE_TESTABILITY = YES;
				GCC_C_LANGUAGE_STANDARD = gnu11;
				GCC_DYNAMIC_NO_PIC = NO;
				GCC_NO_COMMON_BLOCKS = YES;
				GCC_OPTIMIZATION_LEVEL = 0;
				GCC_PREPROCESSOR_DEFINITIONS = (
					"DEBUG=1",
					"$(inherited)",
				);
				GCC_WARN_64_TO_32_BIT_CONVERSION = YES;
				GCC_WARN_ABOUT_RETURN_TYPE = YES_ERROR;
				GCC_WARN_UNDECLARED_SELECTOR = YES;
				GCC_WARN_UNINITIALIZED_AUTOS = YES_AGGRESSIVE;
				GCC_WARN_UNUSED_FUNCTION = YES;
				GCC_WARN_UNUSED_VARIABLE = YES;
				IPHONEOS_DEPLOYMENT_TARGET = 16.2;
				MTL_ENABLE_DEBUG_INFO = INCLUDE_SOURCE;
				MTL_FAST_MATH = YES;
				ONLY_ACTIVE_ARCH = YES;
				SDKROOT = iphoneos;
				SWIFT_ACTIVE_COMPILATION_CONDITIONS = DEBUG;
				SWIFT_OPTIMIZATION_LEVEL = "-Onone";
			};
			name = Debug;
		};
		C99950582A9250AF000D8EFA /* Release */ = {
			isa = XCBuildConfiguration;
			buildSettings = {
				ALWAYS_SEARCH_USER_PATHS = NO;
				CLANG_ANALYZER_NONNULL = YES;
				CLANG_ANALYZER_NUMBER_OBJECT_CONVERSION = YES_AGGRESSIVE;
				CLANG_CXX_LANGUAGE_STANDARD = "gnu++20";
				CLANG_ENABLE_MODULES = YES;
				CLANG_ENABLE_OBJC_ARC = YES;
				CLANG_ENABLE_OBJC_WEAK = YES;
				CLANG_WARN_BLOCK_CAPTURE_AUTORELEASING = YES;
				CLANG_WARN_BOOL_CONVERSION = YES;
				CLANG_WARN_COMMA = YES;
				CLANG_WARN_CONSTANT_CONVERSION = YES;
				CLANG_WARN_DEPRECATED_OBJC_IMPLEMENTATIONS = YES;
				CLANG_WARN_DIRECT_OBJC_ISA_USAGE = YES_ERROR;
				CLANG_WARN_DOCUMENTATION_COMMENTS = YES;
				CLANG_WARN_EMPTY_BODY = YES;
				CLANG_WARN_ENUM_CONVERSION = YES;
				CLANG_WARN_INFINITE_RECURSION = YES;
				CLANG_WARN_INT_CONVERSION = YES;
				CLANG_WARN_NON_LITERAL_NULL_CONVERSION = YES;
				CLANG_WARN_OBJC_IMPLICIT_RETAIN_SELF = YES;
				CLANG_WARN_OBJC_LITERAL_CONVERSION = YES;
				CLANG_WARN_OBJC_ROOT_CLASS = YES_ERROR;
				CLANG_WARN_QUOTED_INCLUDE_IN_FRAMEWORK_HEADER = YES;
				CLANG_WARN_RANGE_LOOP_ANALYSIS = YES;
				CLANG_WARN_STRICT_PROTOTYPES = YES;
				CLANG_WARN_SUSPICIOUS_MOVE = YES;
				CLANG_WARN_UNGUARDED_AVAILABILITY = YES_AGGRESSIVE;
				CLANG_WARN_UNREACHABLE_CODE = YES;
				CLANG_WARN__DUPLICATE_METHOD_MATCH = YES;
				COPY_PHASE_STRIP = NO;
				DEBUG_INFORMATION_FORMAT = "dwarf-with-dsym";
				ENABLE_NS_ASSERTIONS = NO;
				ENABLE_STRICT_OBJC_MSGSEND = YES;
				GCC_C_LANGUAGE_STANDARD = gnu11;
				GCC_NO_COMMON_BLOCKS = YES;
				GCC_WARN_64_TO_32_BIT_CONVERSION = YES;
				GCC_WARN_ABOUT_RETURN_TYPE = YES_ERROR;
				GCC_WARN_UNDECLARED_SELECTOR = YES;
				GCC_WARN_UNINITIALIZED_AUTOS = YES_AGGRESSIVE;
				GCC_WARN_UNUSED_FUNCTION = YES;
				GCC_WARN_UNUSED_VARIABLE = YES;
				IPHONEOS_DEPLOYMENT_TARGET = 16.2;
				MTL_ENABLE_DEBUG_INFO = NO;
				MTL_FAST_MATH = YES;
				SDKROOT = iphoneos;
				SWIFT_COMPILATION_MODE = wholemodule;
				SWIFT_OPTIMIZATION_LEVEL = "-O";
				VALIDATE_PRODUCT = YES;
			};
			name = Release;
		};
		C999505A2A9250AF000D8EFA /* Debug */ = {
			isa = XCBuildConfiguration;
			buildSettings = {
				ASSETCATALOG_COMPILER_APPICON_NAME = AppIcon;
				ASSETCATALOG_COMPILER_GLOBAL_ACCENT_COLOR_NAME = AccentColor;
				CODE_SIGN_STYLE = Automatic;
				CURRENT_PROJECT_VERSION = 1;
				DEVELOPMENT_ASSET_PATHS = "\"SpaceXCrew/Preview Content\"";
				DEVELOPMENT_TEAM = LT68BJ94W7;
				ENABLE_PREVIEWS = YES;
				GENERATE_INFOPLIST_FILE = YES;
				INFOPLIST_KEY_UIApplicationSceneManifest_Generation = YES;
				INFOPLIST_KEY_UIApplicationSupportsIndirectInputEvents = YES;
				INFOPLIST_KEY_UILaunchScreen_Generation = YES;
				INFOPLIST_KEY_UISupportedInterfaceOrientations_iPad = "UIInterfaceOrientationPortrait UIInterfaceOrientationPortraitUpsideDown UIInterfaceOrientationLandscapeLeft UIInterfaceOrientationLandscapeRight";
				INFOPLIST_KEY_UISupportedInterfaceOrientations_iPhone = "UIInterfaceOrientationPortrait UIInterfaceOrientationLandscapeLeft UIInterfaceOrientationLandscapeRight";
				LD_RUNPATH_SEARCH_PATHS = (
					"$(inherited)",
					"@executable_path/Frameworks",
				);
				MARKETING_VERSION = 1.0;
				PRODUCT_BUNDLE_IDENTIFIER = kriang.SpaceXCrew;
				PRODUCT_NAME = "$(TARGET_NAME)";
				SWIFT_EMIT_LOC_STRINGS = YES;
				SWIFT_VERSION = 5.0;
				TARGETED_DEVICE_FAMILY = "1,2";
			};
			name = Debug;
		};
		C999505B2A9250AF000D8EFA /* Release */ = {
			isa = XCBuildConfiguration;
			buildSettings = {
				ASSETCATALOG_COMPILER_APPICON_NAME = AppIcon;
				ASSETCATALOG_COMPILER_GLOBAL_ACCENT_COLOR_NAME = AccentColor;
				CODE_SIGN_STYLE = Automatic;
				CURRENT_PROJECT_VERSION = 1;
				DEVELOPMENT_ASSET_PATHS = "\"SpaceXCrew/Preview Content\"";
				DEVELOPMENT_TEAM = LT68BJ94W7;
				ENABLE_PREVIEWS = YES;
				GENERATE_INFOPLIST_FILE = YES;
				INFOPLIST_KEY_UIApplicationSceneManifest_Generation = YES;
				INFOPLIST_KEY_UIApplicationSupportsIndirectInputEvents = YES;
				INFOPLIST_KEY_UILaunchScreen_Generation = YES;
				INFOPLIST_KEY_UISupportedInterfaceOrientations_iPad = "UIInterfaceOrientationPortrait UIInterfaceOrientationPortraitUpsideDown UIInterfaceOrientationLandscapeLeft UIInterfaceOrientationLandscapeRight";
				INFOPLIST_KEY_UISupportedInterfaceOrientations_iPhone = "UIInterfaceOrientationPortrait UIInterfaceOrientationLandscapeLeft UIInterfaceOrientationLandscapeRight";
				LD_RUNPATH_SEARCH_PATHS = (
					"$(inherited)",
					"@executable_path/Frameworks",
				);
				MARKETING_VERSION = 1.0;
				PRODUCT_BUNDLE_IDENTIFIER = kriang.SpaceXCrew;
				PRODUCT_NAME = "$(TARGET_NAME)";
				SWIFT_EMIT_LOC_STRINGS = YES;
				SWIFT_VERSION = 5.0;
				TARGETED_DEVICE_FAMILY = "1,2";
			};
			name = Release;
		};
		C999505D2A9250AF000D8EFA /* Debug */ = {
			isa = XCBuildConfiguration;
			buildSettings = {
				ALWAYS_EMBED_SWIFT_STANDARD_LIBRARIES = YES;
				BUNDLE_LOADER = "$(TEST_HOST)";
				CODE_SIGN_STYLE = Automatic;
				CURRENT_PROJECT_VERSION = 1;
				DEVELOPMENT_TEAM = LT68BJ94W7;
				GENERATE_INFOPLIST_FILE = YES;
				IPHONEOS_DEPLOYMENT_TARGET = 16.2;
				MARKETING_VERSION = 1.0;
				PRODUCT_BUNDLE_IDENTIFIER = kriang.SpaceXCrewTests;
				PRODUCT_NAME = "$(TARGET_NAME)";
				SWIFT_EMIT_LOC_STRINGS = NO;
				SWIFT_VERSION = 5.0;
				TARGETED_DEVICE_FAMILY = "1,2";
				TEST_HOST = "$(BUILT_PRODUCTS_DIR)/SpaceXCrew.app/$(BUNDLE_EXECUTABLE_FOLDER_PATH)/SpaceXCrew";
			};
			name = Debug;
		};
		C999505E2A9250AF000D8EFA /* Release */ = {
			isa = XCBuildConfiguration;
			buildSettings = {
				ALWAYS_EMBED_SWIFT_STANDARD_LIBRARIES = YES;
				BUNDLE_LOADER = "$(TEST_HOST)";
				CODE_SIGN_STYLE = Automatic;
				CURRENT_PROJECT_VERSION = 1;
				DEVELOPMENT_TEAM = LT68BJ94W7;
				GENERATE_INFOPLIST_FILE = YES;
				IPHONEOS_DEPLOYMENT_TARGET = 16.2;
				MARKETING_VERSION = 1.0;
				PRODUCT_BUNDLE_IDENTIFIER = kriang.SpaceXCrewTests;
				PRODUCT_NAME = "$(TARGET_NAME)";
				SWIFT_EMIT_LOC_STRINGS = NO;
				SWIFT_VERSION = 5.0;
				TARGETED_DEVICE_FAMILY = "1,2";
				TEST_HOST = "$(BUILT_PRODUCTS_DIR)/SpaceXCrew.app/$(BUNDLE_EXECUTABLE_FOLDER_PATH)/SpaceXCrew";
			};
			name = Release;
		};
		C99950602A9250AF000D8EFA /* Debug */ = {
			isa = XCBuildConfiguration;
			buildSettings = {
				ALWAYS_EMBED_SWIFT_STANDARD_LIBRARIES = YES;
				CODE_SIGN_STYLE = Automatic;
				CURRENT_PROJECT_VERSION = 1;
				DEVELOPMENT_TEAM = LT68BJ94W7;
				GENERATE_INFOPLIST_FILE = YES;
				MARKETING_VERSION = 1.0;
				PRODUCT_BUNDLE_IDENTIFIER = kriang.SpaceXCrewUITests;
				PRODUCT_NAME = "$(TARGET_NAME)";
				SWIFT_EMIT_LOC_STRINGS = NO;
				SWIFT_VERSION = 5.0;
				TARGETED_DEVICE_FAMILY = "1,2";
				TEST_TARGET_NAME = SpaceXCrew;
			};
			name = Debug;
		};
		C99950612A9250AF000D8EFA /* Release */ = {
			isa = XCBuildConfiguration;
			buildSettings = {
				ALWAYS_EMBED_SWIFT_STANDARD_LIBRARIES = YES;
				CODE_SIGN_STYLE = Automatic;
				CURRENT_PROJECT_VERSION = 1;
				DEVELOPMENT_TEAM = LT68BJ94W7;
				GENERATE_INFOPLIST_FILE = YES;
				MARKETING_VERSION = 1.0;
				PRODUCT_BUNDLE_IDENTIFIER = kriang.SpaceXCrewUITests;
				PRODUCT_NAME = "$(TARGET_NAME)";
				SWIFT_EMIT_LOC_STRINGS = NO;
				SWIFT_VERSION = 5.0;
				TARGETED_DEVICE_FAMILY = "1,2";
				TEST_TARGET_NAME = SpaceXCrew;
			};
			name = Release;
		};
/* End XCBuildConfiguration section */

/* Begin XCConfigurationList section */
		C99950302A9250AC000D8EFA /* Build configuration list for PBXProject "SpaceXCrew" */ = {
			isa = XCConfigurationList;
			buildConfigurations = (
				C99950572A9250AF000D8EFA /* Debug */,
				C99950582A9250AF000D8EFA /* Release */,
			);
			defaultConfigurationIsVisible = 0;
			defaultConfigurationName = Release;
		};
		C99950592A9250AF000D8EFA /* Build configuration list for PBXNativeTarget "SpaceXCrew" */ = {
			isa = XCConfigurationList;
			buildConfigurations = (
				C999505A2A9250AF000D8EFA /* Debug */,
				C999505B2A9250AF000D8EFA /* Release */,
			);
			defaultConfigurationIsVisible = 0;
			defaultConfigurationName = Release;
		};
		C999505C2A9250AF000D8EFA /* Build configuration list for PBXNativeTarget "SpaceXCrewTests" */ = {
			isa = XCConfigurationList;
			buildConfigurations = (
				C999505D2A9250AF000D8EFA /* Debug */,
				C999505E2A9250AF000D8EFA /* Release */,
			);
			defaultConfigurationIsVisible = 0;
			defaultConfigurationName = Release;
		};
		C999505F2A9250AF000D8EFA /* Build configuration list for PBXNativeTarget "SpaceXCrewUITests" */ = {
			isa = XCConfigurationList;
			buildConfigurations = (
				C99950602A9250AF000D8EFA /* Debug */,
				C99950612A9250AF000D8EFA /* Release */,
			);
			defaultConfigurationIsVisible = 0;
			defaultConfigurationName = Release;
		};
/* End XCConfigurationList section */

/* Begin XCVersionGroup section */
		C999507B2A925312000D8EFA /* SpaceX_Launches.xcdatamodeld */ = {
			isa = XCVersionGroup;
			children = (
				C999507C2A925312000D8EFA /* SpaceX_Launches.xcdatamodel */,
			);
			currentVersion = C999507C2A925312000D8EFA /* SpaceX_Launches.xcdatamodel */;
			path = SpaceX_Launches.xcdatamodeld;
			sourceTree = "<group>";
			versionGroupType = wrapper.xcdatamodel;
		};
/* End XCVersionGroup section */
	};
	rootObject = C999502D2A9250AC000D8EFA /* Project object */;
}
